
Microsoft Visual Studio Solution File, Format Version 12.00
# Visual Studio 15
VisualStudioVersion = 15.0.27428.1
MinimumVisualStudioVersion = 10.0.40219.1
Project("{FAE04EC0-301F-11D3-BF4B-00C04F79EFBC}") = "JUST.Services", "JUST.Services\JUST.Services.csproj", "{0D2E6846-06D2-452D-91B3-C23006CF64CF}"
EndProject
Global
	GlobalSection(SolutionConfigurationPlatforms) = preSolution
		Debug|Any CPU = Debug|Any CPU
		Release|Any CPU = Release|Any CPU
	EndGlobalSection
	GlobalSection(ProjectConfigurationPlatforms) = postSolution
		{0D2E6846-06D2-452D-91B3-C23006CF64CF}.Debug|Any CPU.ActiveCfg = Debug|Any CPU
		{0D2E6846-06D2-452D-91B3-C23006CF64CF}.Debug|Any CPU.Build.0 = Debug|Any CPU
		{0D2E6846-06D2-452D-91B3-C23006CF64CF}.Release|Any CPU.ActiveCfg = Release|Any CPU
		{0D2E6846-06D2-452D-91B3-C23006CF64CF}.Release|Any CPU.Build.0 = Release|Any CPU
	EndGlobalSection
	GlobalSection(SolutionProperties) = preSolution
		HideSolutionNode = FALSE
	EndGlobalSection
	GlobalSection(ExtensibilityGlobals) = postSolution
		SolutionGuid = {0FD65B95-2891-4842-B57B-772095850677}
	EndGlobalSection
EndGlobal
